
Microsoft Visual Studio Solution File, Format Version 12.00
# Visual Studio Version 17
VisualStudioVersion = 17.0.31903.59
MinimumVisualStudioVersion = 10.0.40219.1
Project("{2150E333-8FDC-42A3-9474-1A3956D46DE8}") = "src", "src", "{318F05AF-B950-4ACD-80F4-B4BB0A8C47AA}"
EndProject
Project("{2150E333-8FDC-42A3-9474-1A3956D46DE8}") = "WebApps", "WebApps", "{44DB65CF-5F34-4BDA-985E-2DEACD3DA6AE}"
EndProject
Project("{2150E333-8FDC-42A3-9474-1A3956D46DE8}") = "BuildingBlocks", "BuildingBlocks", "{1D00528B-8E1C-47C7-BDD9-CB969056D043}"
EndProject
Project("{FAE04EC0-301F-11D3-BF4B-00C04F79EFBC}") = "EventBus", "src\BuildingBlocks\EventBus\EventBus.csproj", "{7038BB8E-3CEE-44AF-925C-AD44F00619D2}"
EndProject
Project("{FAE04EC0-301F-11D3-BF4B-00C04F79EFBC}") = "Logging", "src\BuildingBlocks\Logging\Logging.csproj", "{8A0A70DD-6BA3-4399-9841-B83A3A6BC5FD}"
EndProject
Project("{FAE04EC0-301F-11D3-BF4B-00C04F79EFBC}") = "Exceptions", "src\BuildingBlocks\Exceptions\Exceptions.csproj", "{A9B8C7D6-E5F4-4321-9876-543210FEDCBA}"
EndProject
Project("{2150E333-8FDC-42A3-9474-1A3956D46DE8}") = "Services", "Services", "{1F34CD59-698E-408C-97B6-4C470EBA2BD1}"
EndProject
Project("{FAE04EC0-301F-11D3-BF4B-00C04F79EFBC}") = "Basket.API", "src\Services\Basket.API\Basket.API.csproj", "{A466C408-617A-4936-AB36-01635B647DA2}"
EndProject
Project("{2150E333-8FDC-42A3-9474-1A3956D46DE8}") = "Ordering", "Ordering", "{76FEA3C8-B50B-4C24-91C6-1C7F5F2B27BF}"
EndProject
Project("{FAE04EC0-301F-11D3-BF4B-00C04F79EFBC}") = "Ordering.API", "src\Services\Ordering\Ordering.API\Ordering.API.csproj", "{8AEF42A8-ADDC-430A-A244-B2A17658FC3B}"
EndProject
Project("{FAE04EC0-301F-11D3-BF4B-00C04F79EFBC}") = "Ordering.Infrastructure", "src\Services\Ordering\Ordering.Infrastructure\Ordering.Infrastructure.csproj", "{5875EFD8-E707-4180-BAFB-9888A334EFB5}"
EndProject
Project("{FAE04EC0-301F-11D3-BF4B-00C04F79EFBC}") = "Ordering.Domain", "src\Services\Ordering\Ordering.Domain\Ordering.Domain.csproj", "{B9B5CFF4-04CF-4FF4-A600-0B0D5ECD72D4}"
EndProject
Project("{FAE04EC0-301F-11D3-BF4B-00C04F79EFBC}") = "Ordering.Application", "src\Services\Ordering\Ordering.Application\Ordering.Application.csproj", "{98A7E40E-5BD2-43C9-8926-B57E1596C17A}"
EndProject
Project("{FAE04EC0-301F-11D3-BF4B-00C04F79EFBC}") = "Catalog.API", "src\Services\Catalog.API\Catalog.API.csproj", "{0D18C0D4-EB00-4BBC-9D4E-1CE2DD52D5E2}"
EndProject
Project("{2150E333-8FDC-42A3-9474-1A3956D46DE8}") = "ApiGateway", "ApiGateway", "{D562FA5F-FA51-4182-88FC-286918E48265}"
EndProject
Project("{FAE04EC0-301F-11D3-BF4B-00C04F79EFBC}") = "WebShop.ApiGateway", "src\ApiGateway\WebShop.ApiGateway\WebShop.ApiGateway.csproj", "{823AE9DA-1EF4-447A-9C51-94DE0ADB3F10}"
EndProject
Project("{2150E333-8FDC-42A3-9474-1A3956D46DE8}") = "tests", "tests", "{54AA51E1-CD4D-4ED4-8AFC-59A778452EB4}"
EndProject
Project("{FAE04EC0-301F-11D3-BF4B-00C04F79EFBC}") = "Ordering.Domain.Tests", "tests\Ordering.Domain.Tests\Ordering.Domain.Tests.csproj", "{3E4635C0-013C-4417-B482-9FA88B826A24}"
EndProject
Project("{FAE04EC0-301F-11D3-BF4B-00C04F79EFBC}") = "EventBus.RabbitMq", "src\BuildingBlocks\EventBus.RabbitMq\EventBus.RabbitMq.csproj", "{30DB08BC-64FF-435E-9881-BD7701E0542B}"
EndProject
Project("{2150E333-8FDC-42A3-9474-1A3956D46DE8}") = "Contracts", "Contracts", "{7DAE2267-BD7A-46A9-8F19-DE5BC7566221}"
EndProject
Project("{FAE04EC0-301F-11D3-BF4B-00C04F79EFBC}") = "IntegrationEvents", "src\Contracts\IntegrationEvents\IntegrationEvents.csproj", "{41E78F98-64F3-4C38-95C1-11BC494CB790}"
EndProject
Project("{FAE04EC0-301F-11D3-BF4B-00C04F79EFBC}") = "WebShop.IntegrationTests", "tests\WebShop.IntegrationTests\WebShop.IntegrationTests.csproj", "{3F665E1D-2DF7-4C97-86F4-482E31D0FF5F}"
EndProject
Project("{FAE04EC0-301F-11D3-BF4B-00C04F79EFBC}") = "Catalog.Grpc", "src\Contracts\Catalog.Grpc\Catalog.Grpc.csproj", "{78CCBE51-B89E-4587-BC81-63DB6D119BFC}"
EndProject
Project("{FAE04EC0-301F-11D3-BF4B-00C04F79EFBC}") = "Catalog.API.Tests", "tests\Catalog.API.Tests\Catalog.API.Tests.csproj", "{9F86F5F4-23C4-4E24-B585-24374EB74B04}"
EndProject
Project("{FAE04EC0-301F-11D3-BF4B-00C04F79EFBC}") = "Auth", "src\BuildingBlocks\Auth\Auth.csproj", "{C123F3AD-8571-4663-B590-F547920A4072}"
EndProject
Global
	GlobalSection(SolutionConfigurationPlatforms) = preSolution
		Debug|Any CPU = Debug|Any CPU
		Release|Any CPU = Release|Any CPU
	EndGlobalSection
	GlobalSection(SolutionProperties) = preSolution
		HideSolutionNode = FALSE
	EndGlobalSection
	GlobalSection(ProjectConfigurationPlatforms) = postSolution
		{A9B8C7D6-E5F4-4321-9876-543210FEDCBA}.Debug|Any CPU.ActiveCfg = Debug|Any CPU
		{A9B8C7D6-E5F4-4321-9876-543210FEDCBA}.Debug|Any CPU.Build.0 = Debug|Any CPU
		{A9B8C7D6-E5F4-4321-9876-543210FEDCBA}.Release|Any CPU.ActiveCfg = Release|Any CPU
		{A9B8C7D6-E5F4-4321-9876-543210FEDCBA}.Release|Any CPU.Build.0 = Release|Any CPU
		{7038BB8E-3CEE-44AF-925C-AD44F00619D2}.Debug|Any CPU.ActiveCfg = Debug|Any CPU
		{7038BB8E-3CEE-44AF-925C-AD44F00619D2}.Debug|Any CPU.Build.0 = Debug|Any CPU
		{7038BB8E-3CEE-44AF-925C-AD44F00619D2}.Release|Any CPU.ActiveCfg = Release|Any CPU
		{7038BB8E-3CEE-44AF-925C-AD44F00619D2}.Release|Any CPU.Build.0 = Release|Any CPU
		{8A0A70DD-6BA3-4399-9841-B83A3A6BC5FD}.Debug|Any CPU.ActiveCfg = Debug|Any CPU
		{8A0A70DD-6BA3-4399-9841-B83A3A6BC5FD}.Debug|Any CPU.Build.0 = Debug|Any CPU
		{8A0A70DD-6BA3-4399-9841-B83A3A6BC5FD}.Release|Any CPU.ActiveCfg = Release|Any CPU
		{8A0A70DD-6BA3-4399-9841-B83A3A6BC5FD}.Release|Any CPU.Build.0 = Release|Any CPU
		{A466C408-617A-4936-AB36-01635B647DA2}.Debug|Any CPU.ActiveCfg = Debug|Any CPU
		{A466C408-617A-4936-AB36-01635B647DA2}.Debug|Any CPU.Build.0 = Debug|Any CPU
		{A466C408-617A-4936-AB36-01635B647DA2}.Release|Any CPU.ActiveCfg = Release|Any CPU
		{A466C408-617A-4936-AB36-01635B647DA2}.Release|Any CPU.Build.0 = Release|Any CPU
		{8AEF42A8-ADDC-430A-A244-B2A17658FC3B}.Debug|Any CPU.ActiveCfg = Debug|Any CPU
		{8AEF42A8-ADDC-430A-A244-B2A17658FC3B}.Debug|Any CPU.Build.0 = Debug|Any CPU
		{8AEF42A8-ADDC-430A-A244-B2A17658FC3B}.Release|Any CPU.ActiveCfg = Release|Any CPU
		{8AEF42A8-ADDC-430A-A244-B2A17658FC3B}.Release|Any CPU.Build.0 = Release|Any CPU
		{5875EFD8-E707-4180-BAFB-9888A334EFB5}.Debug|Any CPU.ActiveCfg = Debug|Any CPU
		{5875EFD8-E707-4180-BAFB-9888A334EFB5}.Debug|Any CPU.Build.0 = Debug|Any CPU
		{5875EFD8-E707-4180-BAFB-9888A334EFB5}.Release|Any CPU.ActiveCfg = Release|Any CPU
		{5875EFD8-E707-4180-BAFB-9888A334EFB5}.Release|Any CPU.Build.0 = Release|Any CPU
		{B9B5CFF4-04CF-4FF4-A600-0B0D5ECD72D4}.Debug|Any CPU.ActiveCfg = Debug|Any CPU
		{B9B5CFF4-04CF-4FF4-A600-0B0D5ECD72D4}.Debug|Any CPU.Build.0 = Debug|Any CPU
		{B9B5CFF4-04CF-4FF4-A600-0B0D5ECD72D4}.Release|Any CPU.ActiveCfg = Release|Any CPU
		{B9B5CFF4-04CF-4FF4-A600-0B0D5ECD72D4}.Release|Any CPU.Build.0 = Release|Any CPU
		{98A7E40E-5BD2-43C9-8926-B57E1596C17A}.Debug|Any CPU.ActiveCfg = Debug|Any CPU
		{98A7E40E-5BD2-43C9-8926-B57E1596C17A}.Debug|Any CPU.Build.0 = Debug|Any CPU
		{98A7E40E-5BD2-43C9-8926-B57E1596C17A}.Release|Any CPU.ActiveCfg = Release|Any CPU
		{98A7E40E-5BD2-43C9-8926-B57E1596C17A}.Release|Any CPU.Build.0 = Release|Any CPU
		{0D18C0D4-EB00-4BBC-9D4E-1CE2DD52D5E2}.Debug|Any CPU.ActiveCfg = Debug|Any CPU
		{0D18C0D4-EB00-4BBC-9D4E-1CE2DD52D5E2}.Debug|Any CPU.Build.0 = Debug|Any CPU
		{0D18C0D4-EB00-4BBC-9D4E-1CE2DD52D5E2}.Release|Any CPU.ActiveCfg = Release|Any CPU
		{0D18C0D4-EB00-4BBC-9D4E-1CE2DD52D5E2}.Release|Any CPU.Build.0 = Release|Any CPU
		{823AE9DA-1EF4-447A-9C51-94DE0ADB3F10}.Debug|Any CPU.ActiveCfg = Debug|Any CPU
		{823AE9DA-1EF4-447A-9C51-94DE0ADB3F10}.Debug|Any CPU.Build.0 = Debug|Any CPU
		{823AE9DA-1EF4-447A-9C51-94DE0ADB3F10}.Release|Any CPU.ActiveCfg = Release|Any CPU
		{823AE9DA-1EF4-447A-9C51-94DE0ADB3F10}.Release|Any CPU.Build.0 = Release|Any CPU
		{3E4635C0-013C-4417-B482-9FA88B826A24}.Debug|Any CPU.ActiveCfg = Debug|Any CPU
		{3E4635C0-013C-4417-B482-9FA88B826A24}.Debug|Any CPU.Build.0 = Debug|Any CPU
		{3E4635C0-013C-4417-B482-9FA88B826A24}.Release|Any CPU.ActiveCfg = Release|Any CPU
		{3E4635C0-013C-4417-B482-9FA88B826A24}.Release|Any CPU.Build.0 = Release|Any CPU
		{30DB08BC-64FF-435E-9881-BD7701E0542B}.Debug|Any CPU.ActiveCfg = Debug|Any CPU
		{30DB08BC-64FF-435E-9881-BD7701E0542B}.Debug|Any CPU.Build.0 = Debug|Any CPU
		{30DB08BC-64FF-435E-9881-BD7701E0542B}.Release|Any CPU.ActiveCfg = Release|Any CPU
		{30DB08BC-64FF-435E-9881-BD7701E0542B}.Release|Any CPU.Build.0 = Release|Any CPU
		{41E78F98-64F3-4C38-95C1-11BC494CB790}.Debug|Any CPU.ActiveCfg = Debug|Any CPU
		{41E78F98-64F3-4C38-95C1-11BC494CB790}.Debug|Any CPU.Build.0 = Debug|Any CPU
		{41E78F98-64F3-4C38-95C1-11BC494CB790}.Release|Any CPU.ActiveCfg = Release|Any CPU
		{41E78F98-64F3-4C38-95C1-11BC494CB790}.Release|Any CPU.Build.0 = Release|Any CPU
		{3F665E1D-2DF7-4C97-86F4-482E31D0FF5F}.Debug|Any CPU.ActiveCfg = Debug|Any CPU
		{3F665E1D-2DF7-4C97-86F4-482E31D0FF5F}.Debug|Any CPU.Build.0 = Debug|Any CPU
		{3F665E1D-2DF7-4C97-86F4-482E31D0FF5F}.Release|Any CPU.ActiveCfg = Release|Any CPU
		{3F665E1D-2DF7-4C97-86F4-482E31D0FF5F}.Release|Any CPU.Build.0 = Release|Any CPU
		{78CCBE51-B89E-4587-BC81-63DB6D119BFC}.Debug|Any CPU.ActiveCfg = Debug|Any CPU
		{78CCBE51-B89E-4587-BC81-63DB6D119BFC}.Debug|Any CPU.Build.0 = Debug|Any CPU
		{78CCBE51-B89E-4587-BC81-63DB6D119BFC}.Release|Any CPU.ActiveCfg = Release|Any CPU
		{78CCBE51-B89E-4587-BC81-63DB6D119BFC}.Release|Any CPU.Build.0 = Release|Any CPU
		{9F86F5F4-23C4-4E24-B585-24374EB74B04}.Debug|Any CPU.ActiveCfg = Debug|Any CPU
		{9F86F5F4-23C4-4E24-B585-24374EB74B04}.Debug|Any CPU.Build.0 = Debug|Any CPU
		{9F86F5F4-23C4-4E24-B585-24374EB74B04}.Release|Any CPU.ActiveCfg = Release|Any CPU
		{9F86F5F4-23C4-4E24-B585-24374EB74B04}.Release|Any CPU.Build.0 = Release|Any CPU
		{C123F3AD-8571-4663-B590-F547920A4072}.Debug|Any CPU.ActiveCfg = Debug|Any CPU
		{C123F3AD-8571-4663-B590-F547920A4072}.Debug|Any CPU.Build.0 = Debug|Any CPU
		{C123F3AD-8571-4663-B590-F547920A4072}.Release|Any CPU.ActiveCfg = Release|Any CPU
		{C123F3AD-8571-4663-B590-F547920A4072}.Release|Any CPU.Build.0 = Release|Any CPU
	EndGlobalSection
	GlobalSection(NestedProjects) = preSolution
		{44DB65CF-5F34-4BDA-985E-2DEACD3DA6AE} = {318F05AF-B950-4ACD-80F4-B4BB0A8C47AA}
		{1D00528B-8E1C-47C7-BDD9-CB969056D043} = {318F05AF-B950-4ACD-80F4-B4BB0A8C47AA}
		{7038BB8E-3CEE-44AF-925C-AD44F00619D2} = {1D00528B-8E1C-47C7-BDD9-CB969056D043}
		{8A0A70DD-6BA3-4399-9841-B83A3A6BC5FD} = {1D00528B-8E1C-47C7-BDD9-CB969056D043}
		{1F34CD59-698E-408C-97B6-4C470EBA2BD1} = {318F05AF-B950-4ACD-80F4-B4BB0A8C47AA}
		{A466C408-617A-4936-AB36-01635B647DA2} = {1F34CD59-698E-408C-97B6-4C470EBA2BD1}
		{76FEA3C8-B50B-4C24-91C6-1C7F5F2B27BF} = {1F34CD59-698E-408C-97B6-4C470EBA2BD1}
		{8AEF42A8-ADDC-430A-A244-B2A17658FC3B} = {76FEA3C8-B50B-4C24-91C6-1C7F5F2B27BF}
		{5875EFD8-E707-4180-BAFB-9888A334EFB5} = {76FEA3C8-B50B-4C24-91C6-1C7F5F2B27BF}
		{B9B5CFF4-04CF-4FF4-A600-0B0D5ECD72D4} = {76FEA3C8-B50B-4C24-91C6-1C7F5F2B27BF}
		{98A7E40E-5BD2-43C9-8926-B57E1596C17A} = {76FEA3C8-B50B-4C24-91C6-1C7F5F2B27BF}
		{0D18C0D4-EB00-4BBC-9D4E-1CE2DD52D5E2} = {1F34CD59-698E-408C-97B6-4C470EBA2BD1}
		{D562FA5F-FA51-4182-88FC-286918E48265} = {318F05AF-B950-4ACD-80F4-B4BB0A8C47AA}
		{823AE9DA-1EF4-447A-9C51-94DE0ADB3F10} = {D562FA5F-FA51-4182-88FC-286918E48265}
		{3E4635C0-013C-4417-B482-9FA88B826A24} = {54AA51E1-CD4D-4ED4-8AFC-59A778452EB4}
		{30DB08BC-64FF-435E-9881-BD7701E0542B} = {1D00528B-8E1C-47C7-BDD9-CB969056D043}
		{7DAE2267-BD7A-46A9-8F19-DE5BC7566221} = {318F05AF-B950-4ACD-80F4-B4BB0A8C47AA}
		{41E78F98-64F3-4C38-95C1-11BC494CB790} = {7DAE2267-BD7A-46A9-8F19-DE5BC7566221}
		{3F665E1D-2DF7-4C97-86F4-482E31D0FF5F} = {54AA51E1-CD4D-4ED4-8AFC-59A778452EB4}
		{78CCBE51-B89E-4587-BC81-63DB6D119BFC} = {7DAE2267-BD7A-46A9-8F19-DE5BC7566221}
		{9F86F5F4-23C4-4E24-B585-24374EB74B04} = {54AA51E1-CD4D-4ED4-8AFC-59A778452EB4}
		{C123F3AD-8571-4663-B590-F547920A4072} = {1D00528B-8E1C-47C7-BDD9-CB969056D043}
	EndGlobalSection
EndGlobal
